<?xml version="1.0" encoding="utf-8"?>
<Project ToolsVersion="4.0" xmlns="http://schemas.microsoft.com/developer/msbuild/2003">
  <ItemGroup>
    <Filter Include="소스 파일">
      <UniqueIdentifier>{4FC737F1-C7A5-4376-A066-2A32D752A2FF}</UniqueIdentifier>
      <Extensions>cpp;c;cc;cxx;c++;cppm;ixx;def;odl;idl;hpj;bat;asm;asmx</Extensions>
    </Filter>
    <Filter Include="헤더 파일">
      <UniqueIdentifier>{93995380-89BD-4b04-88EB-625FBE52EBFB}</UniqueIdentifier>
      <Extensions>h;hh;hpp;hxx;h++;hm;inl;inc;ipp;xsd</Extensions>
    </Filter>
    <Filter Include="리소스 파일">
      <UniqueIdentifier>{67DA6AB6-F800-4c08-8B7A-83BB121AAD01}</UniqueIdentifier>
      <Extensions>rc;ico;cur;bmp;dlg;rc2;rct;bin;rgs;gif;jpg;jpeg;jpe;resx;tiff;tif;png;wav;mfcribbon-ms</Extensions>
    </Filter>
    <Filter Include="소스 파일\ch01">
      <UniqueIdentifier>{b7f25627-9b4d-4fa6-995b-6f8b2bb6e6a5}</UniqueIdentifier>
    </Filter>
    <Filter Include="소스 파일\ch02">
      <UniqueIdentifier>{b1ac130a-6420-423b-ae21-4468291296db}</UniqueIdentifier>
    </Filter>
    <Filter Include="소스 파일\ch03">
      <UniqueIdentifier>{71f9f94d-a48c-4816-ab41-807cf381907d}</UniqueIdentifier>
    </Filter>
    <Filter Include="소스 파일\ch04">
      <UniqueIdentifier>{a3ba87ac-0fef-49ae-b958-cfc0f279c800}</UniqueIdentifier>
    </Filter>
    <Filter Include="소스 파일\ch05">
      <UniqueIdentifier>{2df2c47c-8af0-40b0-9226-17fbee2ed493}</UniqueIdentifier>
    </Filter>
    <Filter Include="소스 파일\ch06">
      <UniqueIdentifier>{cb5a711d-34a4-4b74-b5a7-929da616c405}</UniqueIdentifier>
    </Filter>
    <Filter Include="소스 파일\ch07">
      <UniqueIdentifier>{62f09998-b779-4ac1-b6f9-5b80ddf77d29}</UniqueIdentifier>
    </Filter>
    <Filter Include="소스 파일\ch08">
      <UniqueIdentifier>{2cbf63ac-46f5-4bc8-9fbb-94c1d094a25f}</UniqueIdentifier>
    </Filter>
  </ItemGroup>
  <ItemGroup>
    <ClCompile Include="EuclidAlgorithm.c">
      <Filter>소스 파일\ch01</Filter>
    </ClCompile>
    <ClCompile Include="HanoiTowerTest.c">
      <Filter>소스 파일\ch01</Filter>
    </ClCompile>
    <ClCompile Include="magicCard.c">
      <Filter>소스 파일\ch01</Filter>
    </ClCompile>
    <ClCompile Include="PrimeNumber.c">
      <Filter>소스 파일\ch01</Filter>
    </ClCompile>
    <ClCompile Include="PointerAndArray.c">
      <Filter>소스 파일\ch02</Filter>
    </ClCompile>
    <ClCompile Include="LinkedList2.c">
      <Filter>소스 파일\ch03</Filter>
    </ClCompile>
    <ClCompile Include="LinkedList1.c">
      <Filter>소스 파일\ch03</Filter>
    </ClCompile>
    <ClCompile Include="stackArray.c">
      <Filter>소스 파일\ch04</Filter>
    </ClCompile>
    <ClCompile Include="stackLinkedList.c">
      <Filter>소스 파일\ch04</Filter>
    </ClCompile>
    <ClCompile Include="mazeSearch.c">
      <Filter>소스 파일\ch04</Filter>
    </ClCompile>
    <ClCompile Include="MazeAllAsc.c">
      <Filter>소스 파일\ch04</Filter>
    </ClCompile>
    <ClCompile Include="MazeRecursiveSearch.c">
      <Filter>소스 파일\ch04</Filter>
    </ClCompile>
    <ClCompile Include="MultiMazeCreateAllSearch.c">
      <Filter>소스 파일\ch04</Filter>
    </ClCompile>
    <ClCompile Include="RandomMazeCreateSearch.c">
      <Filter>소스 파일\ch04</Filter>
    </ClCompile>
    <ClCompile Include="recursiveBacktracking.c">
      <Filter>소스 파일\ch04</Filter>
    </ClCompile>
    <ClCompile Include="LinearQueueArray.c">
      <Filter>소스 파일\ch05</Filter>
    </ClCompile>
    <ClCompile Include="CircularQueueArray.c">
      <Filter>소스 파일\ch05</Filter>
    </ClCompile>
    <ClCompile Include="LinearQueueLinkedList.c">
      <Filter>소스 파일\ch05</Filter>
    </ClCompile>
    <ClCompile Include="LeftRightBalancedTree.c">
      <Filter>소스 파일\ch06</Filter>
    </ClCompile>
    <ClCompile Include="InsertionSort.c">
      <Filter>소스 파일\ch08</Filter>
    </ClCompile>
    <ClCompile Include="graphLinkedList.c">
      <Filter>소스 파일\ch07</Filter>
    </ClCompile>
    <ClCompile Include="graphArray.c">
      <Filter>소스 파일\ch07</Filter>
    </ClCompile>
    <ClCompile Include="PrimMinSpanningTree.c">
      <Filter>소스 파일\ch07</Filter>
    </ClCompile>
    <ClCompile Include="KruskalMinSpanningTree.c">
      <Filter>소스 파일\ch07</Filter>
    </ClCompile>
    <ClCompile Include="levelOrderTraversal.c">
      <Filter>소스 파일\ch05</Filter>
    </ClCompile>
    <ClCompile Include="treeTraversal1.c">
      <Filter>소스 파일\ch06</Filter>
    </ClCompile>
    <ClCompile Include="ShellSort.c">
      <Filter>소스 파일\ch08</Filter>
    </ClCompile>
    <ClCompile Include="QuickSort1.c">
      <Filter>소스 파일\ch08</Filter>
    </ClCompile>
    <ClCompile Include="QuickSort2.c">
      <Filter>소스 파일\ch08</Filter>
    </ClCompile>
    <ClCompile Include="quickSort_stackOverflow_test.c">
      <Filter>소스 파일\ch08</Filter>
    </ClCompile>
    <ClCompile Include="HeapSort.c">
      <Filter>소스 파일\ch08</Filter>
    </ClCompile>
  </ItemGroup>
</Project>